
Microsoft Visual Studio Solution File, Format Version 12.00
# Visual Studio Version 17
VisualStudioVersion = 17.4.33205.214
MinimumVisualStudioVersion = 10.0.40219.1
Project("{9A19103F-16F7-4668-BE54-9A1E7A4F7556}") = "TimeTracker", "TimeTracker\TimeTracker.csproj", "{4145E91C-B39F-42B2-B3BC-1163E306D9F9}"
EndProject
Project("{9A19103F-16F7-4668-BE54-9A1E7A4F7556}") = "TimeTracker.Rcl", "TimeTracker.Rcl\TimeTracker.Rcl.csproj", "{0D222FFC-4593-4E97-9808-5356802EC1CB}"
EndProject
Project("{2150E333-8FDC-42A3-9474-1A3956D46DE8}") = "Solution Items", "Solution Items", "{E3FEAB4E-869B-44FC-BA05-1C89E82B7B3C}"
	ProjectSection(SolutionItems) = preProject
		.editorconfig = .editorconfig
		global.json = global.json
	EndProjectSection
EndProject
Project("{FAE04EC0-301F-11D3-BF4B-00C04F79EFBC}") = "TimeTracker.Shared", "TimeTracker.Shared\TimeTracker.Shared.csproj", "{34033C01-54F1-41E0-9C08-26E308458ABC}"
EndProject
Project("{FAE04EC0-301F-11D3-BF4B-00C04F79EFBC}") = "TimeTracker.Database", "TimeTracker.Database\TimeTracker.Database.csproj", "{6D2A383A-7045-4F5A-BD25-3381430A8215}"
EndProject
Global
	GlobalSection(SolutionConfigurationPlatforms) = preSolution
		Debug|Any CPU = Debug|Any CPU
		Release|Any CPU = Release|Any CPU
	EndGlobalSection
	GlobalSection(ProjectConfigurationPlatforms) = postSolution
		{4145E91C-B39F-42B2-B3BC-1163E306D9F9}.Debug|Any CPU.ActiveCfg = Debug|Any CPU
		{4145E91C-B39F-42B2-B3BC-1163E306D9F9}.Debug|Any CPU.Build.0 = Debug|Any CPU
		{4145E91C-B39F-42B2-B3BC-1163E306D9F9}.Release|Any CPU.ActiveCfg = Release|Any CPU
		{4145E91C-B39F-42B2-B3BC-1163E306D9F9}.Release|Any CPU.Build.0 = Release|Any CPU
		{0D222FFC-4593-4E97-9808-5356802EC1CB}.Debug|Any CPU.ActiveCfg = Debug|Any CPU
		{0D222FFC-4593-4E97-9808-5356802EC1CB}.Debug|Any CPU.Build.0 = Debug|Any CPU
		{0D222FFC-4593-4E97-9808-5356802EC1CB}.Release|Any CPU.ActiveCfg = Release|Any CPU
		{0D222FFC-4593-4E97-9808-5356802EC1CB}.Release|Any CPU.Build.0 = Release|Any CPU
		{34033C01-54F1-41E0-9C08-26E308458ABC}.Debug|Any CPU.ActiveCfg = Debug|Any CPU
		{34033C01-54F1-41E0-9C08-26E308458ABC}.Debug|Any CPU.Build.0 = Debug|Any CPU
		{34033C01-54F1-41E0-9C08-26E308458ABC}.Release|Any CPU.ActiveCfg = Release|Any CPU
		{34033C01-54F1-41E0-9C08-26E308458ABC}.Release|Any CPU.Build.0 = Release|Any CPU
		{6D2A383A-7045-4F5A-BD25-3381430A8215}.Debug|Any CPU.ActiveCfg = Debug|Any CPU
		{6D2A383A-7045-4F5A-BD25-3381430A8215}.Debug|Any CPU.Build.0 = Debug|Any CPU
		{6D2A383A-7045-4F5A-BD25-3381430A8215}.Release|Any CPU.ActiveCfg = Release|Any CPU
		{6D2A383A-7045-4F5A-BD25-3381430A8215}.Release|Any CPU.Build.0 = Release|Any CPU
	EndGlobalSection
	GlobalSection(SolutionProperties) = preSolution
		HideSolutionNode = FALSE
	EndGlobalSection
	GlobalSection(ExtensibilityGlobals) = postSolution
		SolutionGuid = {8B5DC4DA-4068-450C-A0A6-C4B21E0C02FF}
	EndGlobalSection
EndGlobal
